// !$*UTF8*$!
{
	archiveVersion = 1;
	classes = {
	};
	objectVersion = 77;
	objects = {

/* Begin PBXBuildFile section */
		C76BC5EA2D9B5D0000D7FD78 /* customers.json in Resources */ = {isa = PBXBuildFile; fileRef = C76BC5DD2D9B4D8400D7FD78 /* customers.json */; };
		C7F2C1E42D9B469400572A32 /* Customer.swift in Sources */ = {isa = PBXBuildFile; fileRef = C7F2C1E32D9B468C00572A32 /* Customer.swift */; };
		C7F2C1E82D9B471900572A32 /* CustomerViewModel.swift in Sources */ = {isa = PBXBuildFile; fileRef = C7F2C1E72D9B471600572A32 /* CustomerViewModel.swift */; };
/* End PBXBuildFile section */

/* Begin PBXContainerItemProxy section */
		C7F2C1C32D9B44FE00572A32 /* PBXContainerItemProxy */ = {
			isa = PBXContainerItemProxy;
			containerPortal = C7F2C1AD2D9B44FD00572A32 /* Project object */;
			proxyType = 1;
			remoteGlobalIDString = C7F2C1B42D9B44FD00572A32;
			remoteInfo = CustomerListApp;
		};
		C7F2C1CD2D9B44FE00572A32 /* PBXContainerItemProxy */ = {
			isa = PBXContainerItemProxy;
			containerPortal = C7F2C1AD2D9B44FD00572A32 /* Project object */;
			proxyType = 1;
			remoteGlobalIDString = C7F2C1B42D9B44FD00572A32;
			remoteInfo = CustomerListApp;
		};
/* End PBXContainerItemProxy section */

/* Begin PBXFileReference section */
		C76BC5DD2D9B4D8400D7FD78 /* customers.json */ = {isa = PBXFileReference; lastKnownFileType = text.json; path = customers.json; sourceTree = "<group>"; };
		C7F2C1B52D9B44FD00572A32 /* CustomerListApp.app */ = {isa = PBXFileReference; explicitFileType = wrapper.application; includeInIndex = 0; path = CustomerListApp.app; sourceTree = BUILT_PRODUCTS_DIR; };
		C7F2C1C22D9B44FE00572A32 /* CustomerListAppTests.xctest */ = {isa = PBXFileReference; explicitFileType = wrapper.cfbundle; includeInIndex = 0; path = CustomerListAppTests.xctest; sourceTree = BUILT_PRODUCTS_DIR; };
		C7F2C1CC2D9B44FE00572A32 /* CustomerListAppUITests.xctest */ = {isa = PBXFileReference; explicitFileType = wrapper.cfbundle; includeInIndex = 0; path = CustomerListAppUITests.xctest; sourceTree = BUILT_PRODUCTS_DIR; };
		C7F2C1E32D9B468C00572A32 /* Customer.swift */ = {isa = PBXFileReference; lastKnownFileType = sourcecode.swift; path = Customer.swift; sourceTree = "<group>"; };
		C7F2C1E72D9B471600572A32 /* CustomerViewModel.swift */ = {isa = PBXFileReference; lastKnownFileType = sourcecode.swift; path = CustomerViewModel.swift; sourceTree = "<group>"; };
/* End PBXFileReference section */

/* Begin PBXFileSystemSynchronizedRootGroup section */
		C7F2C1B72D9B44FD00572A32 /* CustomerListApp */ = {
			isa = PBXFileSystemSynchronizedRootGroup;
			path = CustomerListApp;
			sourceTree = "<group>";
		};
		C7F2C1C52D9B44FE00572A32 /* CustomerListAppTests */ = {
			isa = PBXFileSystemSynchronizedRootGroup;
			path = CustomerListAppTests;
			sourceTree = "<group>";
		};
		C7F2C1CF2D9B44FE00572A32 /* CustomerListAppUITests */ = {
			isa = PBXFileSystemSynchronizedRootGroup;
			path = CustomerListAppUITests;
			sourceTree = "<group>";
		};
/* End PBXFileSystemSynchronizedRootGroup section */

/* Begin PBXFrameworksBuildPhase section */
		C7F2C1B22D9B44FD00572A32 /* Frameworks */ = {
			isa = PBXFrameworksBuildPhase;
			buildActionMask = 2147483647;
			files = (
			);
			runOnlyForDeploymentPostprocessing = 0;
		};
		C7F2C1BF2D9B44FE00572A32 /* Frameworks */ = {
			isa = PBXFrameworksBuildPhase;
			buildActionMask = 2147483647;
			files = (
			);
			runOnlyForDeploymentPostprocessing = 0;
		};
		C7F2C1C92D9B44FE00572A32 /* Frameworks */ = {
			isa = PBXFrameworksBuildPhase;
			buildActionMask = 2147483647;
			files = (
			);
			runOnlyForDeploymentPostprocessing = 0;
		};
/* End PBXFrameworksBuildPhase section */

/* Begin PBXGroup section */
		C76BC5DC2D9B4D5600D7FD78 /* Resources */ = {
			isa = PBXGroup;
			children = (
				C76BC5DD2D9B4D8400D7FD78 /* customers.json */,
			);
			path = Resources;
			sourceTree = "<group>";
		};
		C7F2C1AC2D9B44FD00572A32 = {
			isa = PBXGroup;
			children = (
				C76BC5DC2D9B4D5600D7FD78 /* Resources */,
				C7F2C1E32D9B468C00572A32 /* Customer.swift */,
				C7F2C1E72D9B471600572A32 /* CustomerViewModel.swift */,
				C7F2C1B72D9B44FD00572A32 /* CustomerListApp */,
				C7F2C1C52D9B44FE00572A32 /* CustomerListAppTests */,
				C7F2C1CF2D9B44FE00572A32 /* CustomerListAppUITests */,
				C7F2C1B62D9B44FD00572A32 /* Products */,
			);
			sourceTree = "<group>";
		};
		C7F2C1B62D9B44FD00572A32 /* Products */ = {
			isa = PBXGroup;
			children = (
				C7F2C1B52D9B44FD00572A32 /* CustomerListApp.app */,
				C7F2C1C22D9B44FE00572A32 /* CustomerListAppTests.xctest */,
				C7F2C1CC2D9B44FE00572A32 /* CustomerListAppUITests.xctest */,
			);
			name = Products;
			sourceTree = "<group>";
		};
/* End PBXGroup section */

/* Begin PBXNativeTarget section */
		C7F2C1B42D9B44FD00572A32 /* CustomerListApp */ = {
			isa = PBXNativeTarget;
			buildConfigurationList = C7F2C1D62D9B44FE00572A32 /* Build configuration list for PBXNativeTarget "CustomerListApp" */;
			buildPhases = (
				C7F2C1B12D9B44FD00572A32 /* Sources */,
				C7F2C1B22D9B44FD00572A32 /* Frameworks */,
				C7F2C1B32D9B44FD00572A32 /* Resources */,
			);
			buildRules = (
			);
			dependencies = (
			);
			fileSystemSynchronizedGroups = (
				C7F2C1B72D9B44FD00572A32 /* CustomerListApp */,
			);
			name = CustomerListApp;
			packageProductDependencies = (
			);
			productName = CustomerListApp;
			productReference = C7F2C1B52D9B44FD00572A32 /* CustomerListApp.app */;
			productType = "com.apple.product-type.application";
		};
		C7F2C1C12D9B44FE00572A32 /* CustomerListAppTests */ = {
			isa = PBXNativeTarget;
			buildConfigurationList = C7F2C1D92D9B44FE00572A32 /* Build configuration list for PBXNativeTarget "CustomerListAppTests" */;
			buildPhases = (
				C7F2C1BE2D9B44FE00572A32 /* Sources */,
				C7F2C1BF2D9B44FE00572A32 /* Frameworks */,
				C7F2C1C02D9B44FE00572A32 /* Resources */,
			);
			buildRules = (
			);
			dependencies = (
				C7F2C1C42D9B44FE00572A32 /* PBXTargetDependency */,
			);
			fileSystemSynchronizedGroups = (
				C7F2C1C52D9B44FE00572A32 /* CustomerListAppTests */,
			);
			name = CustomerListAppTests;
			packageProductDependencies = (
			);
			productName = CustomerListAppTests;
			productReference = C7F2C1C22D9B44FE00572A32 /* CustomerListAppTests.xctest */;
			productType = "com.apple.product-type.bundle.unit-test";
		};
		C7F2C1CB2D9B44FE00572A32 /* CustomerListAppUITests */ = {
			isa = PBXNativeTarget;
			buildConfigurationList = C7F2C1DC2D9B44FE00572A32 /* Build configuration list for PBXNativeTarget "CustomerListAppUITests" */;
			buildPhases = (
				C7F2C1C82D9B44FE00572A32 /* Sources */,
				C7F2C1C92D9B44FE00572A32 /* Frameworks */,
				C7F2C1CA2D9B44FE00572A32 /* Resources */,
			);
			buildRules = (
			);
			dependencies = (
				C7F2C1CE2D9B44FE00572A32 /* PBXTargetDependency */,
			);
			fileSystemSynchronizedGroups = (
				C7F2C1CF2D9B44FE00572A32 /* CustomerListAppUITests */,
			);
			name = CustomerListAppUITests;
			packageProductDependencies = (
			);
			productName = CustomerListAppUITests;
			productReference = C7F2C1CC2D9B44FE00572A32 /* CustomerListAppUITests.xctest */;
			productType = "com.apple.product-type.bundle.ui-testing";
		};
/* End PBXNativeTarget section */

/* Begin PBXProject section */
		C7F2C1AD2D9B44FD00572A32 /* Project object */ = {
			isa = PBXProject;
			attributes = {
				BuildIndependentTargetsInParallel = 1;
				LastSwiftUpdateCheck = 1630;
				LastUpgradeCheck = 1630;
				TargetAttributes = {
					C7F2C1B42D9B44FD00572A32 = {
						CreatedOnToolsVersion = 16.3;
					};
					C7F2C1C12D9B44FE00572A32 = {
						CreatedOnToolsVersion = 16.3;
						TestTargetID = C7F2C1B42D9B44FD00572A32;
					};
					C7F2C1CB2D9B44FE00572A32 = {
						CreatedOnToolsVersion = 16.3;
						TestTargetID = C7F2C1B42D9B44FD00572A32;
					};
				};
			};
			buildConfigurationList = C7F2C1B02D9B44FD00572A32 /* Build configuration list for PBXProject "CustomerListApp" */;
			developmentRegion = en;
			hasScannedForEncodings = 0;
			knownRegions = (
				en,
				Base,
			);
			mainGroup = C7F2C1AC2D9B44FD00572A32;
			minimizedProjectReferenceProxies = 1;
			preferredProjectObjectVersion = 77;
			productRefGroup = C7F2C1B62D9B44FD00572A32 /* Products */;
			projectDirPath = "";
			projectRoot = "";
			targets = (
				C7F2C1B42D9B44FD00572A32 /* CustomerListApp */,
				C7F2C1C12D9B44FE00572A32 /* CustomerListAppTests */,
				C7F2C1CB2D9B44FE00572A32 /* CustomerListAppUITests */,
			);
		};
/* End PBXProject section */

/* Begin PBXResourcesBuildPhase section */
		C7F2C1B32D9B44FD00572A32 /* Resources */ = {
			isa = PBXResourcesBuildPhase;
			buildActionMask = 2147483647;
			files = (
				C76BC5EA2D9B5D0000D7FD78 /* customers.json in Resources */,
			);
			runOnlyForDeploymentPostprocessing = 0;
		};
		C7F2C1C02D9B44FE00572A32 /* Resources */ = {
			isa = PBXResourcesBuildPhase;
			buildActionMask = 2147483647;
			files = (
			);
			runOnlyForDeploymentPostprocessing = 0;
		};
		C7F2C1CA2D9B44FE00572A32 /* Resources */ = {
			isa = PBXResourcesBuildPhase;
			buildActionMask = 2147483647;
			files = (
			);
			runOnlyForDeploymentPostprocessing = 0;
		};
/* End PBXResourcesBuildPhase section */

/* Begin PBXSourcesBuildPhase section */
		C7F2C1B12D9B44FD00572A32 /* Sources */ = {
			isa = PBXSourcesBuildPhase;
			buildActionMask = 2147483647;
			files = (
				C7F2C1E82D9B471900572A32 /* CustomerViewModel.swift in Sources */,
				C7F2C1E42D9B469400572A32 /* Customer.swift in Sources */,
			);
			runOnlyForDeploymentPostprocessing = 0;
		};
		C7F2C1BE2D9B44FE00572A32 /* Sources */ = {
			isa = PBXSourcesBuildPhase;
			buildActionMask = 2147483647;
			files = (
			);
			runOnlyForDeploymentPostprocessing = 0;
		};
		C7F2C1C82D9B44FE00572A32 /* Sources */ = {
			isa = PBXSourcesBuildPhase;
			buildActionMask = 2147483647;
			files = (
			);
			runOnlyForDeploymentPostprocessing = 0;
		};
/* End PBXSourcesBuildPhase section */

/* Begin PBXTargetDependency section */
		C7F2C1C42D9B44FE00572A32 /* PBXTargetDependency */ = {
			isa = PBXTargetDependency;
			target = C7F2C1B42D9B44FD00572A32 /* CustomerListApp */;
			targetProxy = C7F2C1C32D9B44FE00572A32 /* PBXContainerItemProxy */;
		};
		C7F2C1CE2D9B44FE00572A32 /* PBXTargetDependency */ = {
			isa = PBXTargetDependency;
			target = C7F2C1B42D9B44FD00572A32 /* CustomerListApp */;
			targetProxy = C7F2C1CD2D9B44FE00572A32 /* PBXContainerItemProxy */;
		};
/* End PBXTargetDependency section */

/* Begin XCBuildConfiguration section */
		C7F2C1D42D9B44FE00572A32 /* Debug */ = {
			isa = XCBuildConfiguration;
			buildSettings = {
				ALWAYS_SEARCH_USER_PATHS = NO;
				ASSETCATALOG_COMPILER_GENERATE_SWIFT_ASSET_SYMBOL_EXTENSIONS = YES;
				CLANG_ANALYZER_NONNULL = YES;
				CLANG_ANALYZER_NUMBER_OBJECT_CONVERSION = YES_AGGRESSIVE;
				CLANG_CXX_LANGUAGE_STANDARD = "gnu++20";
				CLANG_ENABLE_MODULES = YES;
				CLANG_ENABLE_OBJC_ARC = YES;
				CLANG_ENABLE_OBJC_WEAK = YES;
				CLANG_WARN_BLOCK_CAPTURE_AUTORELEASING = YES;
				CLANG_WARN_BOOL_CONVERSION = YES;
				CLANG_WARN_COMMA = YES;
				CLANG_WARN_CONSTANT_CONVERSION = YES;
				CLANG_WARN_DEPRECATED_OBJC_IMPLEMENTATIONS = YES;
				CLANG_WARN_DIRECT_OBJC_ISA_USAGE = YES_ERROR;
				CLANG_WARN_DOCUMENTATION_COMMENTS = YES;
				CLANG_WARN_EMPTY_BODY = YES;
				CLANG_WARN_ENUM_CONVERSION = YES;
				CLANG_WARN_INFINITE_RECURSION = YES;
				CLANG_WARN_INT_CONVERSION = YES;
				CLANG_WARN_NON_LITERAL_NULL_CONVERSION = YES;
				CLANG_WARN_OBJC_IMPLICIT_RETAIN_SELF = YES;
				CLANG_WARN_OBJC_LITERAL_CONVERSION = YES;
				CLANG_WARN_OBJC_ROOT_CLASS = YES_ERROR;
				CLANG_WARN_QUOTED_INCLUDE_IN_FRAMEWORK_HEADER = YES;
				CLANG_WARN_RANGE_LOOP_ANALYSIS = YES;
				CLANG_WARN_STRICT_PROTOTYPES = YES;
				CLANG_WARN_SUSPICIOUS_MOVE = YES;
				CLANG_WARN_UNGUARDED_AVAILABILITY = YES_AGGRESSIVE;
				CLANG_WARN_UNREACHABLE_CODE = YES;
				CLANG_WARN__DUPLICATE_METHOD_MATCH = YES;
				COPY_PHASE_STRIP = NO;
				DEBUG_INFORMATION_FORMAT = dwarf;
				ENABLE_STRICT_OBJC_MSGSEND = YES;
				ENABLE_TESTABILITY = YES;
				ENABLE_USER_SCRIPT_SANDBOXING = YES;
				GCC_C_LANGUAGE_STANDARD = gnu17;
				GCC_DYNAMIC_NO_PIC = NO;
				GCC_NO_COMMON_BLOCKS = YES;
				GCC_OPTIMIZATION_LEVEL = 0;
				GCC_PREPROCESSOR_DEFINITIONS = (
					"DEBUG=1",
					"$(inherited)",
				);
				GCC_WARN_64_TO_32_BIT_CONVERSION = YES;
				GCC_WARN_ABOUT_RETURN_TYPE = YES_ERROR;
				GCC_WARN_UNDECLARED_SELECTOR = YES;
				GCC_WARN_UNINITIALIZED_AUTOS = YES_AGGRESSIVE;
				GCC_WARN_UNUSED_FUNCTION = YES;
				GCC_WARN_UNUSED_VARIABLE = YES;
				IPHONEOS_DEPLOYMENT_TARGET = 18.4;
				LOCALIZATION_PREFERS_STRING_CATALOGS = YES;
				MTL_ENABLE_DEBUG_INFO = INCLUDE_SOURCE;
				MTL_FAST_MATH = YES;
				ONLY_ACTIVE_ARCH = YES;
				SDKROOT = iphoneos;
				SWIFT_ACTIVE_COMPILATION_CONDITIONS = "DEBUG $(inherited)";
				SWIFT_OPTIMIZATION_LEVEL = "-Onone";
			};
			name = Debug;
		};
		C7F2C1D52D9B44FE00572A32 /* Release */ = {
			isa = XCBuildConfiguration;
			buildSettings = {
				ALWAYS_SEARCH_USER_PATHS = NO;
				ASSETCATALOG_COMPILER_GENERATE_SWIFT_ASSET_SYMBOL_EXTENSIONS = YES;
				CLANG_ANALYZER_NONNULL = YES;
				CLANG_ANALYZER_NUMBER_OBJECT_CONVERSION = YES_AGGRESSIVE;
				CLANG_CXX_LANGUAGE_STANDARD = "gnu++20";
				CLANG_ENABLE_MODULES = YES;
				CLANG_ENABLE_OBJC_ARC = YES;
				CLANG_ENABLE_OBJC_WEAK = YES;
				CLANG_WARN_BLOCK_CAPTURE_AUTORELEASING = YES;
				CLANG_WARN_BOOL_CONVERSION = YES;
				CLANG_WARN_COMMA = YES;
				CLANG_WARN_CONSTANT_CONVERSION = YES;
				CLANG_WARN_DEPRECATED_OBJC_IMPLEMENTATIONS = YES;
				CLANG_WARN_DIRECT_OBJC_ISA_USAGE = YES_ERROR;
				CLANG_WARN_DOCUMENTATION_COMMENTS = YES;
				CLANG_WARN_EMPTY_BODY = YES;
				CLANG_WARN_ENUM_CONVERSION = YES;
				CLANG_WARN_INFINITE_RECURSION = YES;
				CLANG_WARN_INT_CONVERSION = YES;
				CLANG_WARN_NON_LITERAL_NULL_CONVERSION = YES;
				CLANG_WARN_OBJC_IMPLICIT_RETAIN_SELF = YES;
				CLANG_WARN_OBJC_LITERAL_CONVERSION = YES;
				CLANG_WARN_OBJC_ROOT_CLASS = YES_ERROR;
				CLANG_WARN_QUOTED_INCLUDE_IN_FRAMEWORK_HEADER = YES;
				CLANG_WARN_RANGE_LOOP_ANALYSIS = YES;
				CLANG_WARN_STRICT_PROTOTYPES = YES;
				CLANG_WARN_SUSPICIOUS_MOVE = YES;
				CLANG_WARN_UNGUARDED_AVAILABILITY = YES_AGGRESSIVE;
				CLANG_WARN_UNREACHABLE_CODE = YES;
				CLANG_WARN__DUPLICATE_METHOD_MATCH = YES;
				COPY_PHASE_STRIP = NO;
				DEBUG_INFORMATION_FORMAT = "dwarf-with-dsym";
				ENABLE_NS_ASSERTIONS = NO;
				ENABLE_STRICT_OBJC_MSGSEND = YES;
				ENABLE_USER_SCRIPT_SANDBOXING = YES;
				GCC_C_LANGUAGE_STANDARD = gnu17;
				GCC_NO_COMMON_BLOCKS = YES;
				GCC_WARN_64_TO_32_BIT_CONVERSION = YES;
				GCC_WARN_ABOUT_RETURN_TYPE = YES_ERROR;
				GCC_WARN_UNDECLARED_SELECTOR = YES;
				GCC_WARN_UNINITIALIZED_AUTOS = YES_AGGRESSIVE;
				GCC_WARN_UNUSED_FUNCTION = YES;
				GCC_WARN_UNUSED_VARIABLE = YES;
				IPHONEOS_DEPLOYMENT_TARGET = 18.4;
				LOCALIZATION_PREFERS_STRING_CATALOGS = YES;
				MTL_ENABLE_DEBUG_INFO = NO;
				MTL_FAST_MATH = YES;
				SDKROOT = iphoneos;
				SWIFT_COMPILATION_MODE = wholemodule;
				VALIDATE_PRODUCT = YES;
			};
			name = Release;
		};
		C7F2C1D72D9B44FE00572A32 /* Debug */ = {
			isa = XCBuildConfiguration;
			buildSettings = {
				ASSETCATALOG_COMPILER_APPICON_NAME = AppIcon;
				ASSETCATALOG_COMPILER_GLOBAL_ACCENT_COLOR_NAME = AccentColor;
				CODE_SIGN_STYLE = Automatic;
				CURRENT_PROJECT_VERSION = 1;
				ENABLE_PREVIEWS = YES;
				GENERATE_INFOPLIST_FILE = YES;
				INFOPLIST_KEY_UIApplicationSceneManifest_Generation = YES;
				INFOPLIST_KEY_UIApplicationSupportsIndirectInputEvents = YES;
				INFOPLIST_KEY_UILaunchScreen_Generation = YES;
				INFOPLIST_KEY_UISupportedInterfaceOrientations_iPad = "UIInterfaceOrientationPortrait UIInterfaceOrientationPortraitUpsideDown UIInterfaceOrientationLandscapeLeft UIInterfaceOrientationLandscapeRight";
				INFOPLIST_KEY_UISupportedInterfaceOrientations_iPhone = "UIInterfaceOrientationPortrait UIInterfaceOrientationLandscapeLeft UIInterfaceOrientationLandscapeRight";
				LD_RUNPATH_SEARCH_PATHS = (
					"$(inherited)",
					"@executable_path/Frameworks",
				);
				MARKETING_VERSION = 1.0;
				PRODUCT_BUNDLE_IDENTIFIER = com.abhay.CustomerListApp;
				PRODUCT_NAME = "$(TARGET_NAME)";
				SWIFT_EMIT_LOC_STRINGS = YES;
				SWIFT_VERSION = 5.0;
				TARGETED_DEVICE_FAMILY = "1,2";
			};
			name = Debug;
		};
		C7F2C1D82D9B44FE00572A32 /* Release */ = {
			isa = XCBuildConfiguration;
			buildSettings = {
				ASSETCATALOG_COMPILER_APPICON_NAME = AppIcon;
				ASSETCATALOG_COMPILER_GLOBAL_ACCENT_COLOR_NAME = AccentColor;
				CODE_SIGN_STYLE = Automatic;
				CURRENT_PROJECT_VERSION = 1;
				ENABLE_PREVIEWS = YES;
				GENERATE_INFOPLIST_FILE = YES;
				INFOPLIST_KEY_UIApplicationSceneManifest_Generation = YES;
				INFOPLIST_KEY_UIApplicationSupportsIndirectInputEvents = YES;
				INFOPLIST_KEY_UILaunchScreen_Generation = YES;
				INFOPLIST_KEY_UISupportedInterfaceOrientations_iPad = "UIInterfaceOrientationPortrait UIInterfaceOrientationPortraitUpsideDown UIInterfaceOrientationLandscapeLeft UIInterfaceOrientationLandscapeRight";
				INFOPLIST_KEY_UISupportedInterfaceOrientations_iPhone = "UIInterfaceOrientationPortrait UIInterfaceOrientationLandscapeLeft UIInterfaceOrientationLandscapeRight";
				LD_RUNPATH_SEARCH_PATHS = (
					"$(inherited)",
					"@executable_path/Frameworks",
				);
				MARKETING_VERSION = 1.0;
				PRODUCT_BUNDLE_IDENTIFIER = com.abhay.CustomerListApp;
				PRODUCT_NAME = "$(TARGET_NAME)";
				SWIFT_EMIT_LOC_STRINGS = YES;
				SWIFT_VERSION = 5.0;
				TARGETED_DEVICE_FAMILY = "1,2";
			};
			name = Release;
		};
		C7F2C1DA2D9B44FE00572A32 /* Debug */ = {
			isa = XCBuildConfiguration;
			buildSettings = {
				BUNDLE_LOADER = "$(TEST_HOST)";
				CODE_SIGN_STYLE = Automatic;
				CURRENT_PROJECT_VERSION = 1;
				GENERATE_INFOPLIST_FILE = YES;
				IPHONEOS_DEPLOYMENT_TARGET = 18.4;
				MARKETING_VERSION = 1.0;
				PRODUCT_BUNDLE_IDENTIFIER = com.abhay.CustomerListAppTests;
				PRODUCT_NAME = "$(TARGET_NAME)";
				SWIFT_EMIT_LOC_STRINGS = NO;
				SWIFT_VERSION = 5.0;
				TARGETED_DEVICE_FAMILY = "1,2";
				TEST_HOST = "$(BUILT_PRODUCTS_DIR)/CustomerListApp.app/$(BUNDLE_EXECUTABLE_FOLDER_PATH)/CustomerListApp";
			};
			name = Debug;
		};
		C7F2C1DB2D9B44FE00572A32 /* Release */ = {
			isa = XCBuildConfiguration;
			buildSettings = {
				BUNDLE_LOADER = "$(TEST_HOST)";
				CODE_SIGN_STYLE = Automatic;
				CURRENT_PROJECT_VERSION = 1;
				GENERATE_INFOPLIST_FILE = YES;
				IPHONEOS_DEPLOYMENT_TARGET = 18.4;
				MARKETING_VERSION = 1.0;
				PRODUCT_BUNDLE_IDENTIFIER = com.abhay.CustomerListAppTests;
				PRODUCT_NAME = "$(TARGET_NAME)";
				SWIFT_EMIT_LOC_STRINGS = NO;
				SWIFT_VERSION = 5.0;
				TARGETED_DEVICE_FAMILY = "1,2";
				TEST_HOST = "$(BUILT_PRODUCTS_DIR)/CustomerListApp.app/$(BUNDLE_EXECUTABLE_FOLDER_PATH)/CustomerListApp";
			};
			name = Release;
		};
		C7F2C1DD2D9B44FE00572A32 /* Debug */ = {
			isa = XCBuildConfiguration;
			buildSettings = {
				CODE_SIGN_STYLE = Automatic;
				CURRENT_PROJECT_VERSION = 1;
				GENERATE_INFOPLIST_FILE = YES;
				MARKETING_VERSION = 1.0;
				PRODUCT_BUNDLE_IDENTIFIER = com.abhay.CustomerListAppUITests;
				PRODUCT_NAME = "$(TARGET_NAME)";
				SWIFT_EMIT_LOC_STRINGS = NO;
				SWIFT_VERSION = 5.0;
				TARGETED_DEVICE_FAMILY = "1,2";
				TEST_TARGET_NAME = CustomerListApp;
			};
			name = Debug;
		};
		C7F2C1DE2D9B44FE00572A32 /* Release */ = {
			isa = XCBuildConfiguration;
			buildSettings = {
				CODE_SIGN_STYLE = Automatic;
				CURRENT_PROJECT_VERSION = 1;
				GENERATE_INFOPLIST_FILE = YES;
				MARKETING_VERSION = 1.0;
				PRODUCT_BUNDLE_IDENTIFIER = com.abhay.CustomerListAppUITests;
				PRODUCT_NAME = "$(TARGET_NAME)";
				SWIFT_EMIT_LOC_STRINGS = NO;
				SWIFT_VERSION = 5.0;
				TARGETED_DEVICE_FAMILY = "1,2";
				TEST_TARGET_NAME = CustomerListApp;
			};
			name = Release;
		};
/* End XCBuildConfiguration section */

/* Begin XCConfigurationList section */
		C7F2C1B02D9B44FD00572A32 /* Build configuration list for PBXProject "CustomerListApp" */ = {
			isa = XCConfigurationList;
			buildConfigurations = (
				C7F2C1D42D9B44FE00572A32 /* Debug */,
				C7F2C1D52D9B44FE00572A32 /* Release */,
			);
			defaultConfigurationIsVisible = 0;
			defaultConfigurationName = Release;
		};
		C7F2C1D62D9B44FE00572A32 /* Build configuration list for PBXNativeTarget "CustomerListApp" */ = {
			isa = XCConfigurationList;
			buildConfigurations = (
				C7F2C1D72D9B44FE00572A32 /* Debug */,
				C7F2C1D82D9B44FE00572A32 /* Release */,
			);
			defaultConfigurationIsVisible = 0;
			defaultConfigurationName = Release;
		};
		C7F2C1D92D9B44FE00572A32 /* Build configuration list for PBXNativeTarget "CustomerListAppTests" */ = {
			isa = XCConfigurationList;
			buildConfigurations = (
				C7F2C1DA2D9B44FE00572A32 /* Debug */,
				C7F2C1DB2D9B44FE00572A32 /* Release */,
			);
			defaultConfigurationIsVisible = 0;
			defaultConfigurationName = Release;
		};
		C7F2C1DC2D9B44FE00572A32 /* Build configuration list for PBXNativeTarget "CustomerListAppUITests" */ = {
			isa = XCConfigurationList;
			buildConfigurations = (
				C7F2C1DD2D9B44FE00572A32 /* Debug */,
				C7F2C1DE2D9B44FE00572A32 /* Release */,
			);
			defaultConfigurationIsVisible = 0;
			defaultConfigurationName = Release;
		};
/* End XCConfigurationList section */
	};
	rootObject = C7F2C1AD2D9B44FD00572A32 /* Project object */;
}
